
Microsoft Visual Studio Solution File, Format Version 12.00
# Visual Studio Version 16
VisualStudioVersion = 16.0.29905.134
MinimumVisualStudioVersion = 10.0.40219.1
Project("{9A19103F-16F7-4668-BE54-9A1E7A4F7556}") = "ReservationSystem", "WebApi\ReservationSystem.csproj", "{A1CE7A3A-7E71-49B6-8149-4AA546ED7003}"
EndProject
Project("{9A19103F-16F7-4668-BE54-9A1E7A4F7556}") = "MySqlConnect", "MySqlConnect\MySqlConnect.csproj", "{96FF99A2-2027-4706-A2E7-63B3A3C79FA6}"
EndProject
Global
	GlobalSection(SolutionConfigurationPlatforms) = preSolution
		Debug|Any CPU = Debug|Any CPU
		Release|Any CPU = Release|Any CPU
	EndGlobalSection
	GlobalSection(ProjectConfigurationPlatforms) = postSolution
		{A1CE7A3A-7E71-49B6-8149-4AA546ED7003}.Debug|Any CPU.ActiveCfg = Debug|Any CPU
		{A1CE7A3A-7E71-49B6-8149-4AA546ED7003}.Debug|Any CPU.Build.0 = Debug|Any CPU
		{A1CE7A3A-7E71-49B6-8149-4AA546ED7003}.Release|Any CPU.ActiveCfg = Release|Any CPU
		{A1CE7A3A-7E71-49B6-8149-4AA546ED7003}.Release|Any CPU.Build.0 = Release|Any CPU
		{96FF99A2-2027-4706-A2E7-63B3A3C79FA6}.Debug|Any CPU.ActiveCfg = Debug|Any CPU
		{96FF99A2-2027-4706-A2E7-63B3A3C79FA6}.Debug|Any CPU.Build.0 = Debug|Any CPU
		{96FF99A2-2027-4706-A2E7-63B3A3C79FA6}.Release|Any CPU.ActiveCfg = Release|Any CPU
		{96FF99A2-2027-4706-A2E7-63B3A3C79FA6}.Release|Any CPU.Build.0 = Release|Any CPU
	EndGlobalSection
	GlobalSection(SolutionProperties) = preSolution
		HideSolutionNode = FALSE
	EndGlobalSection
	GlobalSection(ExtensibilityGlobals) = postSolution
		SolutionGuid = {07B839B6-AEE4-45A8-BFB6-A52FEBF1370E}
	EndGlobalSection
EndGlobal
